PODS:
  - Alamofire (4.9.1)
  - Cuckoo (1.3.2):
    - Cuckoo/Swift (= 1.3.2)
  - Cuckoo/Swift (1.3.2)
  - Moya (12.0.1):
    - Moya/Core (= 12.0.1)
  - Moya-ObjectMapper/Core (2.8):
    - Moya (~> 12.0)
    - ObjectMapper (~> 3.4)
  - Moya-ObjectMapper/RxSwift (2.8):
    - Moya-ObjectMapper/Core
    - Moya/RxSwift
    - RxSwift (~> 4)
  - Moya/Core (12.0.1):
    - Alamofire (~> 4.1)
    - Result (~> 4.0)
  - Moya/RxSwift (12.0.1):
    - Moya/Core
    - RxSwift (~> 4.0)
  - Nimble (8.0.9)
  - ObjectMapper (3.5.3)
  - "ObjectMapper+Realm (1.0)":
    - ObjectMapper
    - RealmSwift
  - Realm (3.19.1):
    - Realm/Headers (= 3.19.1)
  - Realm/Headers (3.19.1)
  - RealmSwift (3.19.1):
    - Realm (= 3.19.1)
  - Result (4.1.0)
  - RxBlocking (4.5.0):
    - RxSwift (>= 4.4.2, ~> 4.4)
  - RxCocoa (4.5.0):
    - RxSwift (>= 4.4.2, ~> 4.4)
  - RxOptional (3.6.2):
    - RxCocoa (~> 4.0)
    - RxSwift (~> 4.0)
  - RxRealm (0.7.6):
    - RealmSwift (~> 3.0)
    - RxSwift (~> 4.0)
  - RxSwift (4.5.0)
  - RxTest (4.5.0):
    - RxSwift (>= 4.4.2, ~> 4.4)
  - SnapKit (4.2.0)
  - SwiftyBeaver (1.9.1)
  - SwiftyJSON (4.3.0)

DEPENDENCIES:
  - Cuckoo (~> 1.3.0)
  - Moya-ObjectMapper/RxSwift (~> 2.8)
  - Nimble (~> 8.0.1)
  - "ObjectMapper+Realm"
  - RealmSwift (= 3.19.1)
  - RxBlocking (~> 4.5.0)
  - RxOptional (~> 3.6.2)
  - RxRealm (~> 0.7.6)
  - RxTest (~> 4.5.0)
  - SnapKit (~> 4.2.0)
  - SwiftyBeaver
  - SwiftyJSON (~> 4.0)

SPEC REPOS:
  trunk:
    - Alamofire
    - Cuckoo
    - Moya
    - Moya-ObjectMapper
    - Nimble
    - ObjectMapper
    - "ObjectMapper+Realm"
    - Realm
    - RealmSwift
    - Result
    - RxBlocking
    - RxCocoa
    - RxOptional
    - RxRealm
    - RxSwift
    - RxTest
    - SnapKit
    - SwiftyBeaver
    - SwiftyJSON

SPEC CHECKSUMS:
  Alamofire: 85e8a02c69d6020a0d734f6054870d7ecb75cf18
  Cuckoo: 57f71c6616b6b08cd9fe27f803da056fb619ff3e
  Moya: cf730b3cd9e005401ef37a85143aa141a12fd38f
  Moya-ObjectMapper: c514b5eafcfd5e260f85f7a5bf66895a217e2b37
  Nimble: 98b888285a615fd34f20e61753cf58ea1402bde4
  ObjectMapper: 97111c97e054a6ee25917662106689f0b4127b37
  "ObjectMapper+Realm": bd713d57132bf05880a656695137764692f7d2bb
  Realm: fb377747e694c7deb62d402400454134fe321bee
  RealmSwift: 1302b0ab60f3105a2b214a735eeb0938607cf16b
  Result: bd966fac789cc6c1563440b348ab2598cc24d5c7
  RxBlocking: 79413e4d916f44bb3e113c5b2cc059e36fe58910
  RxCocoa: cbf70265dc65a981d4ac982e513c10cf23df24a0
  RxOptional: 80426a0ddbd092573e4c482d8cc13302078c4d5e
  RxRealm: 5379eddd74f8d617ca7681d1f8d144af25b432b0
  RxSwift: f172070dfd1a93d70a9ab97a5a01166206e1c575
  RxTest: 3ccb66bfbace0bf7df1c43a7c75d046f8ce60372
  SnapKit: fe8a619752f3f27075cc9a90244d75c6c3f27e2a
  SwiftyBeaver: a1f5691458561414bcfab51874b2b7445451602b
  SwiftyJSON: 6faa0040f8b59dead0ee07436cbf76b73c08fd08

PODFILE CHECKSUM: 750d087cb3ff04b605da2ccbe8a807367cc20f6e

COCOAPODS: 1.9.3
